
Microsoft Visual Studio Solution File, Format Version 12.00
# Visual Studio Version 16
VisualStudioVersion = 16.0.31205.134
MinimumVisualStudioVersion = 10.0.40219.1
Project("{FAE04EC0-301F-11D3-BF4B-00C04F79EFBC}") = "WSR_Laboratory_Analyzer", "WSR_Laboratory_Analyzer\WSR_Laboratory_Analyzer.csproj", "{C5B6C4FF-0D08-4195-8656-238CC8F10E78}"
EndProject
Project("{FAE04EC0-301F-11D3-BF4B-00C04F79EFBC}") = "WSR_Laboratory_AnalyzerTests", "WSR_Laboratory_AnalyzerTests\WSR_Laboratory_AnalyzerTests.csproj", "{14568FCC-5CBD-4768-B643-BC50BB8A751C}"
EndProject
Global
	GlobalSection(SolutionConfigurationPlatforms) = preSolution
		Debug|Any CPU = Debug|Any CPU
		Release|Any CPU = Release|Any CPU
	EndGlobalSection
	GlobalSection(ProjectConfigurationPlatforms) = postSolution
		{C5B6C4FF-0D08-4195-8656-238CC8F10E78}.Debug|Any CPU.ActiveCfg = Debug|Any CPU
		{C5B6C4FF-0D08-4195-8656-238CC8F10E78}.Debug|Any CPU.Build.0 = Debug|Any CPU
		{C5B6C4FF-0D08-4195-8656-238CC8F10E78}.Release|Any CPU.ActiveCfg = Release|Any CPU
		{C5B6C4FF-0D08-4195-8656-238CC8F10E78}.Release|Any CPU.Build.0 = Release|Any CPU
		{14568FCC-5CBD-4768-B643-BC50BB8A751C}.Debug|Any CPU.ActiveCfg = Debug|Any CPU
		{14568FCC-5CBD-4768-B643-BC50BB8A751C}.Debug|Any CPU.Build.0 = Debug|Any CPU
		{14568FCC-5CBD-4768-B643-BC50BB8A751C}.Release|Any CPU.ActiveCfg = Release|Any CPU
		{14568FCC-5CBD-4768-B643-BC50BB8A751C}.Release|Any CPU.Build.0 = Release|Any CPU
	EndGlobalSection
	GlobalSection(SolutionProperties) = preSolution
		HideSolutionNode = FALSE
	EndGlobalSection
	GlobalSection(ExtensibilityGlobals) = postSolution
		SolutionGuid = {C4A79D60-B4A7-4742-916C-33AD331963F4}
	EndGlobalSection
EndGlobal
